<?xml version="1.0" encoding="UTF-8" standalone="yes" ?>
<CodeBlocks_project_file>
	<FileVersion major="1" minor="6" />
	<Project>
		<Option title="teretana1" />
		<Option pch_mode="2" />
		<Option compiler="gcc" />
		<Build>
			<Target title="Debug">
				<Option output="bin/Debug/teretana1" prefix_auto="1" extension_auto="1" />
				<Option object_output="obj/Debug/" />
				<Option type="1" />
				<Option compiler="gcc" />
				<Compiler>
					<Add option="-g" />
				</Compiler>
			</Target>
			<Target title="Release">
				<Option output="bin/Release/teretana1" prefix_auto="1" extension_auto="1" />
				<Option object_output="obj/Release/" />
				<Option type="1" />
				<Option compiler="gcc" />
				<Compiler>
					<Add option="-O2" />
				</Compiler>
				<Linker>
					<Add option="-s" />
				</Linker>
			</Target>
		</Build>
		<Compiler>
			<Add option="-Wall" />
			<Add option="-fexceptions" />
		</Compiler>
		<Unit filename="adresa.hpp" />
		<Unit filename="clan.hpp" />
		<Unit filename="clanarina.hpp" />
		<Unit filename="dinstring.cpp" />
		<Unit filename="dinstring.hpp" />
		<Unit filename="fitnesOprema.hpp" />
		<Unit filename="info.hpp" />
		<Unit filename="inventar.hpp" />
		<Unit filename="kasa.hpp" />
		<Unit filename="kupatilo.hpp" />
		<Unit filename="list.hpp" />
		<Unit filename="main.cpp" />
		<Unit filename="oprema.hpp" />
		<Unit filename="osoba.hpp" />
		<Unit filename="ostava.hpp" />
		<Unit filename="planTreninga.hpp" />
		<Unit filename="pomMain.hpp" />
		<Unit filename="prostorija.hpp" />
		<Unit filename="radnoVreme.hpp" />
		<Unit filename="reklamniMaterijal.hpp" />
		<Unit filename="sprava.hpp" />
		<Unit filename="suplementi.hpp" />
		<Unit filename="svlacionica.hpp" />
		<Unit filename="tegovi.hpp" />
		<Unit filename="teretana.hpp" />
		<Unit filename="zaposleni.hpp" />
		<Extensions>
			<code_completion />
			<envvars />
			<debugger />
			<lib_finder disable_auto="1" />
		</Extensions>
	</Project>
</CodeBlocks_project_file>
